
Microsoft Visual Studio Solution File, Format Version 12.00
# Visual Studio 15
VisualStudioVersion = 15.0.27703.2047
MinimumVisualStudioVersion = 10.0.40219.1
Project("{FAE04EC0-301F-11D3-BF4B-00C04F79EFBC}") = "CheckoutKata", "ConsoleApp1\CheckoutKata.csproj", "{CFE2881C-BC69-4EBF-AB63-201CFB1100D9}"
EndProject
Project("{FAE04EC0-301F-11D3-BF4B-00C04F79EFBC}") = "CheckoutKataTests", "ConsoleApp1Tests\CheckoutKataTests.csproj", "{72F0AE36-68FE-40F2-B70E-F906AD311B5D}"
EndProject
Global
	GlobalSection(SolutionConfigurationPlatforms) = preSolution
		Debug|Any CPU = Debug|Any CPU
		Release|Any CPU = Release|Any CPU
	EndGlobalSection
	GlobalSection(ProjectConfigurationPlatforms) = postSolution
		{CFE2881C-BC69-4EBF-AB63-201CFB1100D9}.Debug|Any CPU.ActiveCfg = Debug|Any CPU
		{CFE2881C-BC69-4EBF-AB63-201CFB1100D9}.Debug|Any CPU.Build.0 = Debug|Any CPU
		{CFE2881C-BC69-4EBF-AB63-201CFB1100D9}.Release|Any CPU.ActiveCfg = Release|Any CPU
		{CFE2881C-BC69-4EBF-AB63-201CFB1100D9}.Release|Any CPU.Build.0 = Release|Any CPU
		{72F0AE36-68FE-40F2-B70E-F906AD311B5D}.Debug|Any CPU.ActiveCfg = Debug|Any CPU
		{72F0AE36-68FE-40F2-B70E-F906AD311B5D}.Debug|Any CPU.Build.0 = Debug|Any CPU
		{72F0AE36-68FE-40F2-B70E-F906AD311B5D}.Release|Any CPU.ActiveCfg = Release|Any CPU
		{72F0AE36-68FE-40F2-B70E-F906AD311B5D}.Release|Any CPU.Build.0 = Release|Any CPU
	EndGlobalSection
	GlobalSection(SolutionProperties) = preSolution
		HideSolutionNode = FALSE
	EndGlobalSection
	GlobalSection(ExtensibilityGlobals) = postSolution
		SolutionGuid = {62151E25-EE22-413C-8469-CB741D0CDA39}
	EndGlobalSection
EndGlobal
